
Microsoft Visual Studio Solution File, Format Version 12.00
# Visual Studio 15
VisualStudioVersion = 15.0.26730.3
MinimumVisualStudioVersion = 10.0.40219.1
Project("{FAE04EC0-301F-11D3-BF4B-00C04F79EFBC}") = "QuickTwackAlpha", "QuickTwackAlpha\QuickTwackAlpha.csproj", "{AFF55411-E532-4926-B327-B971FBFE2ECA}"
EndProject
Project("{FAE04EC0-301F-11D3-BF4B-00C04F79EFBC}") = "QuickTwackAlpha.Tests", "QuickTwackAlpha.Tests\QuickTwackAlpha.Tests.csproj", "{A9C1228F-8420-4EC2-8612-0C170C078A7B}"
EndProject
Global
	GlobalSection(SolutionConfigurationPlatforms) = preSolution
		Debug|Any CPU = Debug|Any CPU
		Release|Any CPU = Release|Any CPU
	EndGlobalSection
	GlobalSection(ProjectConfigurationPlatforms) = postSolution
		{AFF55411-E532-4926-B327-B971FBFE2ECA}.Debug|Any CPU.ActiveCfg = Debug|Any CPU
		{AFF55411-E532-4926-B327-B971FBFE2ECA}.Debug|Any CPU.Build.0 = Debug|Any CPU
		{AFF55411-E532-4926-B327-B971FBFE2ECA}.Release|Any CPU.ActiveCfg = Release|Any CPU
		{AFF55411-E532-4926-B327-B971FBFE2ECA}.Release|Any CPU.Build.0 = Release|Any CPU
		{A9C1228F-8420-4EC2-8612-0C170C078A7B}.Debug|Any CPU.ActiveCfg = Debug|Any CPU
		{A9C1228F-8420-4EC2-8612-0C170C078A7B}.Debug|Any CPU.Build.0 = Debug|Any CPU
		{A9C1228F-8420-4EC2-8612-0C170C078A7B}.Release|Any CPU.ActiveCfg = Release|Any CPU
		{A9C1228F-8420-4EC2-8612-0C170C078A7B}.Release|Any CPU.Build.0 = Release|Any CPU
	EndGlobalSection
	GlobalSection(SolutionProperties) = preSolution
		HideSolutionNode = FALSE
	EndGlobalSection
	GlobalSection(ExtensibilityGlobals) = postSolution
		SolutionGuid = {3C4E9706-46A5-47CB-BA09-E7258F52445D}
	EndGlobalSection
EndGlobal
